# This file is automatically @generated by Cargo.
# It is not intended for manual editing.
[[package]]
name = "capsules"
version = "0.1.0"
source = "git+https://github.com/tock/tock?tag=release-1.5#70575326492e5f45e23ccdeb00d2e948e7f5f530"
dependencies = [
 "enum_primitive",
 "kernel",
]

[[package]]
name = "cc26x2"
version = "0.1.0"
dependencies = [
 "cortexm4",
 "enum_primitive",
 "kernel",
 "tock_rt0",
]

[[package]]
name = "components"
version = "0.1.0"
source = "git+https://github.com/tock/tock?tag=release-1.5#70575326492e5f45e23ccdeb00d2e948e7f5f530"
dependencies = [
 "capsules",
 "kernel",
]

[[package]]
name = "cortexm"
version = "0.1.0"
source = "git+https://github.com/tock/tock?tag=release-1.5#70575326492e5f45e23ccdeb00d2e948e7f5f530"
dependencies = [
 "kernel",
]

[[package]]
name = "cortexm4"
version = "0.1.0"
source = "git+https://github.com/tock/tock?tag=release-1.5#70575326492e5f45e23ccdeb00d2e948e7f5f530"
dependencies = [
 "cortexm",
 "kernel",
]

[[package]]
name = "enum_primitive"
version = "0.1.0"
source = "git+https://github.com/tock/tock?tag=release-1.5#70575326492e5f45e23ccdeb00d2e948e7f5f530"

[[package]]
name = "kernel"
version = "0.1.0"
source = "git+https://github.com/tock/tock?tag=release-1.5#70575326492e5f45e23ccdeb00d2e948e7f5f530"
dependencies = [
 "tock-cells",
 "tock-registers",
]

[[package]]
name = "launchxl"
version = "0.1.0"
dependencies = [
 "capsules",
 "cc26x2",
 "components",
 "cortexm4",
 "enum_primitive",
 "kernel",
]

[[package]]
name = "tock-cells"
version = "0.1.0"
source = "git+https://github.com/tock/tock?tag=release-1.5#70575326492e5f45e23ccdeb00d2e948e7f5f530"

[[package]]
name = "tock-registers"
version = "0.5.0"
source = "git+https://github.com/tock/tock?tag=release-1.5#70575326492e5f45e23ccdeb00d2e948e7f5f530"

[[package]]
name = "tock_rt0"
version = "0.1.0"
source = "git+https://github.com/tock/tock?tag=release-1.5#70575326492e5f45e23ccdeb00d2e948e7f5f530"
